
Microsoft Visual Studio Solution File, Format Version 12.00
# Visual Studio Version 17
VisualStudioVersion = 17.3.32929.385
MinimumVisualStudioVersion = 10.0.40219.1
Project("{FAE04EC0-301F-11D3-BF4B-00C04F79EFBC}") = "CoffeeShop.Android", "CoffeeShop\CoffeeShop.Android\CoffeeShop.Android.csproj", "{07CA3D01-0F2B-4715-99A1-ED29561C695E}"
EndProject
Project("{FAE04EC0-301F-11D3-BF4B-00C04F79EFBC}") = "CoffeeShop.iOS", "CoffeeShop\CoffeeShop.iOS\CoffeeShop.iOS.csproj", "{6F478F03-356F-4348-843E-CEF25C2F4A34}"
EndProject
Project("{FAE04EC0-301F-11D3-BF4B-00C04F79EFBC}") = "CoffeeShop", "CoffeeShop\CoffeeShop\CoffeeShop.csproj", "{D3B5DFB8-1AE5-4178-ACB7-9D0B4847E052}"
EndProject
Global
	GlobalSection(SolutionConfigurationPlatforms) = preSolution
		Debug|Any CPU = Debug|Any CPU
		Debug|iPhone = Debug|iPhone
		Debug|iPhoneSimulator = Debug|iPhoneSimulator
		Release|Any CPU = Release|Any CPU
		Release|iPhone = Release|iPhone
		Release|iPhoneSimulator = Release|iPhoneSimulator
	EndGlobalSection
	GlobalSection(ProjectConfigurationPlatforms) = postSolution
		{07CA3D01-0F2B-4715-99A1-ED29561C695E}.Debug|Any CPU.ActiveCfg = Debug|Any CPU
		{07CA3D01-0F2B-4715-99A1-ED29561C695E}.Debug|Any CPU.Build.0 = Debug|Any CPU
		{07CA3D01-0F2B-4715-99A1-ED29561C695E}.Debug|Any CPU.Deploy.0 = Debug|Any CPU
		{07CA3D01-0F2B-4715-99A1-ED29561C695E}.Debug|iPhone.ActiveCfg = Debug|Any CPU
		{07CA3D01-0F2B-4715-99A1-ED29561C695E}.Debug|iPhone.Build.0 = Debug|Any CPU
		{07CA3D01-0F2B-4715-99A1-ED29561C695E}.Debug|iPhone.Deploy.0 = Debug|Any CPU
		{07CA3D01-0F2B-4715-99A1-ED29561C695E}.Debug|iPhoneSimulator.ActiveCfg = Debug|Any CPU
		{07CA3D01-0F2B-4715-99A1-ED29561C695E}.Debug|iPhoneSimulator.Build.0 = Debug|Any CPU
		{07CA3D01-0F2B-4715-99A1-ED29561C695E}.Debug|iPhoneSimulator.Deploy.0 = Debug|Any CPU
		{07CA3D01-0F2B-4715-99A1-ED29561C695E}.Release|Any CPU.ActiveCfg = Release|Any CPU
		{07CA3D01-0F2B-4715-99A1-ED29561C695E}.Release|Any CPU.Build.0 = Release|Any CPU
		{07CA3D01-0F2B-4715-99A1-ED29561C695E}.Release|Any CPU.Deploy.0 = Release|Any CPU
		{07CA3D01-0F2B-4715-99A1-ED29561C695E}.Release|iPhone.ActiveCfg = Release|Any CPU
		{07CA3D01-0F2B-4715-99A1-ED29561C695E}.Release|iPhone.Build.0 = Release|Any CPU
		{07CA3D01-0F2B-4715-99A1-ED29561C695E}.Release|iPhone.Deploy.0 = Release|Any CPU
		{07CA3D01-0F2B-4715-99A1-ED29561C695E}.Release|iPhoneSimulator.ActiveCfg = Release|Any CPU
		{07CA3D01-0F2B-4715-99A1-ED29561C695E}.Release|iPhoneSimulator.Build.0 = Release|Any CPU
		{07CA3D01-0F2B-4715-99A1-ED29561C695E}.Release|iPhoneSimulator.Deploy.0 = Release|Any CPU
		{6F478F03-356F-4348-843E-CEF25C2F4A34}.Debug|Any CPU.ActiveCfg = Debug|iPhone
		{6F478F03-356F-4348-843E-CEF25C2F4A34}.Debug|Any CPU.Build.0 = Debug|iPhone
		{6F478F03-356F-4348-843E-CEF25C2F4A34}.Debug|Any CPU.Deploy.0 = Debug|iPhone
		{6F478F03-356F-4348-843E-CEF25C2F4A34}.Debug|iPhone.ActiveCfg = Debug|iPhone
		{6F478F03-356F-4348-843E-CEF25C2F4A34}.Debug|iPhone.Build.0 = Debug|iPhone
		{6F478F03-356F-4348-843E-CEF25C2F4A34}.Debug|iPhone.Deploy.0 = Debug|iPhone
		{6F478F03-356F-4348-843E-CEF25C2F4A34}.Debug|iPhoneSimulator.ActiveCfg = Debug|iPhoneSimulator
		{6F478F03-356F-4348-843E-CEF25C2F4A34}.Debug|iPhoneSimulator.Build.0 = Debug|iPhoneSimulator
		{6F478F03-356F-4348-843E-CEF25C2F4A34}.Debug|iPhoneSimulator.Deploy.0 = Debug|iPhoneSimulator
		{6F478F03-356F-4348-843E-CEF25C2F4A34}.Release|Any CPU.ActiveCfg = Release|iPhoneSimulator
		{6F478F03-356F-4348-843E-CEF25C2F4A34}.Release|Any CPU.Build.0 = Release|iPhoneSimulator
		{6F478F03-356F-4348-843E-CEF25C2F4A34}.Release|Any CPU.Deploy.0 = Release|iPhoneSimulator
		{6F478F03-356F-4348-843E-CEF25C2F4A34}.Release|iPhone.ActiveCfg = Release|iPhone
		{6F478F03-356F-4348-843E-CEF25C2F4A34}.Release|iPhone.Build.0 = Release|iPhone
		{6F478F03-356F-4348-843E-CEF25C2F4A34}.Release|iPhone.Deploy.0 = Release|iPhone
		{6F478F03-356F-4348-843E-CEF25C2F4A34}.Release|iPhoneSimulator.ActiveCfg = Release|iPhoneSimulator
		{6F478F03-356F-4348-843E-CEF25C2F4A34}.Release|iPhoneSimulator.Build.0 = Release|iPhoneSimulator
		{6F478F03-356F-4348-843E-CEF25C2F4A34}.Release|iPhoneSimulator.Deploy.0 = Release|iPhoneSimulator
		{D3B5DFB8-1AE5-4178-ACB7-9D0B4847E052}.Debug|Any CPU.ActiveCfg = Debug|Any CPU
		{D3B5DFB8-1AE5-4178-ACB7-9D0B4847E052}.Debug|Any CPU.Build.0 = Debug|Any CPU
		{D3B5DFB8-1AE5-4178-ACB7-9D0B4847E052}.Debug|Any CPU.Deploy.0 = Debug|Any CPU
		{D3B5DFB8-1AE5-4178-ACB7-9D0B4847E052}.Debug|iPhone.ActiveCfg = Debug|Any CPU
		{D3B5DFB8-1AE5-4178-ACB7-9D0B4847E052}.Debug|iPhone.Build.0 = Debug|Any CPU
		{D3B5DFB8-1AE5-4178-ACB7-9D0B4847E052}.Debug|iPhone.Deploy.0 = Debug|Any CPU
		{D3B5DFB8-1AE5-4178-ACB7-9D0B4847E052}.Debug|iPhoneSimulator.ActiveCfg = Debug|Any CPU
		{D3B5DFB8-1AE5-4178-ACB7-9D0B4847E052}.Debug|iPhoneSimulator.Build.0 = Debug|Any CPU
		{D3B5DFB8-1AE5-4178-ACB7-9D0B4847E052}.Debug|iPhoneSimulator.Deploy.0 = Debug|Any CPU
		{D3B5DFB8-1AE5-4178-ACB7-9D0B4847E052}.Release|Any CPU.ActiveCfg = Release|Any CPU
		{D3B5DFB8-1AE5-4178-ACB7-9D0B4847E052}.Release|Any CPU.Build.0 = Release|Any CPU
		{D3B5DFB8-1AE5-4178-ACB7-9D0B4847E052}.Release|Any CPU.Deploy.0 = Release|Any CPU
		{D3B5DFB8-1AE5-4178-ACB7-9D0B4847E052}.Release|iPhone.ActiveCfg = Release|Any CPU
		{D3B5DFB8-1AE5-4178-ACB7-9D0B4847E052}.Release|iPhone.Build.0 = Release|Any CPU
		{D3B5DFB8-1AE5-4178-ACB7-9D0B4847E052}.Release|iPhone.Deploy.0 = Release|Any CPU
		{D3B5DFB8-1AE5-4178-ACB7-9D0B4847E052}.Release|iPhoneSimulator.ActiveCfg = Release|Any CPU
		{D3B5DFB8-1AE5-4178-ACB7-9D0B4847E052}.Release|iPhoneSimulator.Build.0 = Release|Any CPU
		{D3B5DFB8-1AE5-4178-ACB7-9D0B4847E052}.Release|iPhoneSimulator.Deploy.0 = Release|Any CPU
	EndGlobalSection
	GlobalSection(SolutionProperties) = preSolution
		HideSolutionNode = FALSE
	EndGlobalSection
	GlobalSection(ExtensibilityGlobals) = postSolution
		SolutionGuid = {8752D9AC-8E60-4F86-81A8-3D5872D1E27D}
	EndGlobalSection
EndGlobal
